
Microsoft Visual Studio Solution File, Format Version 12.00
# Visual Studio 14
VisualStudioVersion = 14.0.23107.0
MinimumVisualStudioVersion = 10.0.40219.1
Project("{FAE04EC0-301F-11D3-BF4B-00C04F79EFBC}") = "JH", "JH\JH.csproj", "{B95545BE-BA72-4CA1-814D-2CEDB6471414}"
EndProject
Project("{FAE04EC0-301F-11D3-BF4B-00C04F79EFBC}") = "SpeakToMe", "SpeakToMe\SpeakToMe.csproj", "{8E309977-87B5-447D-A24F-D93890D40E93}"
EndProject
Project("{FAE04EC0-301F-11D3-BF4B-00C04F79EFBC}") = "Tocsin", "Tocsin\Tocsin.csproj", "{3B5D5D1A-DB49-484C-AE72-CCB2EA0DC875}"
EndProject
Global
	GlobalSection(SolutionConfigurationPlatforms) = preSolution
		Debug|Any CPU = Debug|Any CPU
		Release|Any CPU = Release|Any CPU
	EndGlobalSection
	GlobalSection(ProjectConfigurationPlatforms) = postSolution
		{B95545BE-BA72-4CA1-814D-2CEDB6471414}.Debug|Any CPU.ActiveCfg = Debug|Any CPU
		{B95545BE-BA72-4CA1-814D-2CEDB6471414}.Debug|Any CPU.Build.0 = Debug|Any CPU
		{B95545BE-BA72-4CA1-814D-2CEDB6471414}.Release|Any CPU.ActiveCfg = Release|Any CPU
		{B95545BE-BA72-4CA1-814D-2CEDB6471414}.Release|Any CPU.Build.0 = Release|Any CPU
		{8E309977-87B5-447D-A24F-D93890D40E93}.Debug|Any CPU.ActiveCfg = Debug|Any CPU
		{8E309977-87B5-447D-A24F-D93890D40E93}.Debug|Any CPU.Build.0 = Debug|Any CPU
		{8E309977-87B5-447D-A24F-D93890D40E93}.Release|Any CPU.ActiveCfg = Release|Any CPU
		{8E309977-87B5-447D-A24F-D93890D40E93}.Release|Any CPU.Build.0 = Release|Any CPU
		{3B5D5D1A-DB49-484C-AE72-CCB2EA0DC875}.Debug|Any CPU.ActiveCfg = Debug|Any CPU
		{3B5D5D1A-DB49-484C-AE72-CCB2EA0DC875}.Debug|Any CPU.Build.0 = Debug|Any CPU
		{3B5D5D1A-DB49-484C-AE72-CCB2EA0DC875}.Release|Any CPU.ActiveCfg = Release|Any CPU
		{3B5D5D1A-DB49-484C-AE72-CCB2EA0DC875}.Release|Any CPU.Build.0 = Release|Any CPU
	EndGlobalSection
	GlobalSection(SolutionProperties) = preSolution
		HideSolutionNode = FALSE
	EndGlobalSection
EndGlobal
